
Microsoft Visual Studio Solution File, Format Version 12.00
# Visual Studio Version 16
VisualStudioVersion = 16.0.29311.281
MinimumVisualStudioVersion = 10.0.40219.1
Project("{8BC9CEB8-8B4A-11D0-8D11-00A0C91BC942}") = "XamlIslandOnMFCApp", "XamlIslandOnMFCApp\XamlIslandOnMFCApp.vcxproj", "{12249014-3F86-40C8-BFE9-EB6BFE06B8AE}"
EndProject
Project("{2150E333-8FDC-42A3-9474-1A3956D46DE8}") = "Solution Items", "Solution Items", "{E4421FB6-FDAA-44BB-B3CC-07140E7DE116}"
	ProjectSection(SolutionItems) = preProject
		README.md = README.md
	EndProjectSection
EndProject
Project("{C7167F0D-BC9F-4E6E-AFE1-012C56B48DB5}") = "XamlIslandOnMFCApp.Package", "XamlIslandOnMFCApp.Package\XamlIslandOnMFCApp.Package.wapproj", "{D38759D5-2084-479A-88AD-F65CB4072320}"
EndProject
Project("{8BC9CEB8-8B4A-11D0-8D11-00A0C91BC942}") = "MyApp", "MyApp\MyApp.vcxproj", "{B691E069-DD6B-402C-B2A1-63C9B0887ACF}"
EndProject
Global
	GlobalSection(SolutionConfigurationPlatforms) = preSolution
		Debug|Any CPU = Debug|Any CPU
		Debug|ARM = Debug|ARM
		Debug|ARM64 = Debug|ARM64
		Debug|x64 = Debug|x64
		Debug|x86 = Debug|x86
		Release|Any CPU = Release|Any CPU
		Release|ARM = Release|ARM
		Release|ARM64 = Release|ARM64
		Release|x64 = Release|x64
		Release|x86 = Release|x86
	EndGlobalSection
	GlobalSection(ProjectConfigurationPlatforms) = postSolution
		{12249014-3F86-40C8-BFE9-EB6BFE06B8AE}.Debug|Any CPU.ActiveCfg = Debug|Win32
		{12249014-3F86-40C8-BFE9-EB6BFE06B8AE}.Debug|ARM.ActiveCfg = Debug|Win32
		{12249014-3F86-40C8-BFE9-EB6BFE06B8AE}.Debug|ARM64.ActiveCfg = Debug|Win32
		{12249014-3F86-40C8-BFE9-EB6BFE06B8AE}.Debug|x64.ActiveCfg = Debug|x64
		{12249014-3F86-40C8-BFE9-EB6BFE06B8AE}.Debug|x64.Build.0 = Debug|x64
		{12249014-3F86-40C8-BFE9-EB6BFE06B8AE}.Debug|x86.ActiveCfg = Debug|Win32
		{12249014-3F86-40C8-BFE9-EB6BFE06B8AE}.Debug|x86.Build.0 = Debug|Win32
		{12249014-3F86-40C8-BFE9-EB6BFE06B8AE}.Release|Any CPU.ActiveCfg = Release|Win32
		{12249014-3F86-40C8-BFE9-EB6BFE06B8AE}.Release|ARM.ActiveCfg = Release|Win32
		{12249014-3F86-40C8-BFE9-EB6BFE06B8AE}.Release|ARM64.ActiveCfg = Release|Win32
		{12249014-3F86-40C8-BFE9-EB6BFE06B8AE}.Release|x64.ActiveCfg = Release|x64
		{12249014-3F86-40C8-BFE9-EB6BFE06B8AE}.Release|x64.Build.0 = Release|x64
		{12249014-3F86-40C8-BFE9-EB6BFE06B8AE}.Release|x86.ActiveCfg = Release|Win32
		{12249014-3F86-40C8-BFE9-EB6BFE06B8AE}.Release|x86.Build.0 = Release|Win32
		{D38759D5-2084-479A-88AD-F65CB4072320}.Debug|Any CPU.ActiveCfg = Debug|Any CPU
		{D38759D5-2084-479A-88AD-F65CB4072320}.Debug|Any CPU.Build.0 = Debug|Any CPU
		{D38759D5-2084-479A-88AD-F65CB4072320}.Debug|Any CPU.Deploy.0 = Debug|Any CPU
		{D38759D5-2084-479A-88AD-F65CB4072320}.Debug|ARM.ActiveCfg = Debug|ARM
		{D38759D5-2084-479A-88AD-F65CB4072320}.Debug|ARM.Build.0 = Debug|ARM
		{D38759D5-2084-479A-88AD-F65CB4072320}.Debug|ARM.Deploy.0 = Debug|ARM
		{D38759D5-2084-479A-88AD-F65CB4072320}.Debug|ARM64.ActiveCfg = Debug|ARM64
		{D38759D5-2084-479A-88AD-F65CB4072320}.Debug|ARM64.Build.0 = Debug|ARM64
		{D38759D5-2084-479A-88AD-F65CB4072320}.Debug|ARM64.Deploy.0 = Debug|ARM64
		{D38759D5-2084-479A-88AD-F65CB4072320}.Debug|x64.ActiveCfg = Debug|x64
		{D38759D5-2084-479A-88AD-F65CB4072320}.Debug|x64.Build.0 = Debug|x64
		{D38759D5-2084-479A-88AD-F65CB4072320}.Debug|x64.Deploy.0 = Debug|x64
		{D38759D5-2084-479A-88AD-F65CB4072320}.Debug|x86.ActiveCfg = Debug|x86
		{D38759D5-2084-479A-88AD-F65CB4072320}.Debug|x86.Build.0 = Debug|x86
		{D38759D5-2084-479A-88AD-F65CB4072320}.Debug|x86.Deploy.0 = Debug|x86
		{D38759D5-2084-479A-88AD-F65CB4072320}.Release|Any CPU.ActiveCfg = Release|Any CPU
		{D38759D5-2084-479A-88AD-F65CB4072320}.Release|Any CPU.Build.0 = Release|Any CPU
		{D38759D5-2084-479A-88AD-F65CB4072320}.Release|Any CPU.Deploy.0 = Release|Any CPU
		{D38759D5-2084-479A-88AD-F65CB4072320}.Release|ARM.ActiveCfg = Release|ARM
		{D38759D5-2084-479A-88AD-F65CB4072320}.Release|ARM.Build.0 = Release|ARM
		{D38759D5-2084-479A-88AD-F65CB4072320}.Release|ARM.Deploy.0 = Release|ARM
		{D38759D5-2084-479A-88AD-F65CB4072320}.Release|ARM64.ActiveCfg = Release|ARM64
		{D38759D5-2084-479A-88AD-F65CB4072320}.Release|ARM64.Build.0 = Release|ARM64
		{D38759D5-2084-479A-88AD-F65CB4072320}.Release|ARM64.Deploy.0 = Release|ARM64
		{D38759D5-2084-479A-88AD-F65CB4072320}.Release|x64.ActiveCfg = Release|x64
		{D38759D5-2084-479A-88AD-F65CB4072320}.Release|x64.Build.0 = Release|x64
		{D38759D5-2084-479A-88AD-F65CB4072320}.Release|x64.Deploy.0 = Release|x64
		{D38759D5-2084-479A-88AD-F65CB4072320}.Release|x86.ActiveCfg = Release|x86
		{D38759D5-2084-479A-88AD-F65CB4072320}.Release|x86.Build.0 = Release|x86
		{D38759D5-2084-479A-88AD-F65CB4072320}.Release|x86.Deploy.0 = Release|x86
		{B691E069-DD6B-402C-B2A1-63C9B0887ACF}.Debug|Any CPU.ActiveCfg = Debug|Win32
		{B691E069-DD6B-402C-B2A1-63C9B0887ACF}.Debug|ARM.ActiveCfg = Debug|ARM
		{B691E069-DD6B-402C-B2A1-63C9B0887ACF}.Debug|ARM.Build.0 = Debug|ARM
		{B691E069-DD6B-402C-B2A1-63C9B0887ACF}.Debug|ARM.Deploy.0 = Debug|ARM
		{B691E069-DD6B-402C-B2A1-63C9B0887ACF}.Debug|ARM64.ActiveCfg = Debug|Win32
		{B691E069-DD6B-402C-B2A1-63C9B0887ACF}.Debug|x64.ActiveCfg = Debug|x64
		{B691E069-DD6B-402C-B2A1-63C9B0887ACF}.Debug|x64.Build.0 = Debug|x64
		{B691E069-DD6B-402C-B2A1-63C9B0887ACF}.Debug|x64.Deploy.0 = Debug|x64
		{B691E069-DD6B-402C-B2A1-63C9B0887ACF}.Debug|x86.ActiveCfg = Debug|Win32
		{B691E069-DD6B-402C-B2A1-63C9B0887ACF}.Debug|x86.Build.0 = Debug|Win32
		{B691E069-DD6B-402C-B2A1-63C9B0887ACF}.Debug|x86.Deploy.0 = Debug|Win32
		{B691E069-DD6B-402C-B2A1-63C9B0887ACF}.Release|Any CPU.ActiveCfg = Release|Win32
		{B691E069-DD6B-402C-B2A1-63C9B0887ACF}.Release|ARM.ActiveCfg = Release|ARM
		{B691E069-DD6B-402C-B2A1-63C9B0887ACF}.Release|ARM.Build.0 = Release|ARM
		{B691E069-DD6B-402C-B2A1-63C9B0887ACF}.Release|ARM.Deploy.0 = Release|ARM
		{B691E069-DD6B-402C-B2A1-63C9B0887ACF}.Release|ARM64.ActiveCfg = Release|Win32
		{B691E069-DD6B-402C-B2A1-63C9B0887ACF}.Release|x64.ActiveCfg = Release|x64
		{B691E069-DD6B-402C-B2A1-63C9B0887ACF}.Release|x64.Build.0 = Release|x64
		{B691E069-DD6B-402C-B2A1-63C9B0887ACF}.Release|x64.Deploy.0 = Release|x64
		{B691E069-DD6B-402C-B2A1-63C9B0887ACF}.Release|x86.ActiveCfg = Release|Win32
		{B691E069-DD6B-402C-B2A1-63C9B0887ACF}.Release|x86.Build.0 = Release|Win32
		{B691E069-DD6B-402C-B2A1-63C9B0887ACF}.Release|x86.Deploy.0 = Release|Win32
	EndGlobalSection
	GlobalSection(SolutionProperties) = preSolution
		HideSolutionNode = FALSE
	EndGlobalSection
	GlobalSection(ExtensibilityGlobals) = postSolution
		SolutionGuid = {9B9B466D-4B3E-4011-B463-5DC304803ECF}
	EndGlobalSection
EndGlobal
